
Microsoft Visual Studio Solution File, Format Version 12.00
# Visual Studio Version 17
VisualStudioVersion = 17.5.002.0
MinimumVisualStudioVersion = 10.0.40219.1
Project("{9A19103F-16F7-4668-BE54-9A1E7A4F7556}") = "Leetcode", "Leetcode.csproj", "{80CDFFE8-EB84-4AF9-A5AF-8D11B83FE537}"
EndProject
Global
	GlobalSection(SolutionConfigurationPlatforms) = preSolution
		Debug|Any CPU = Debug|Any CPU
		Release|Any CPU = Release|Any CPU
	EndGlobalSection
	GlobalSection(ProjectConfigurationPlatforms) = postSolution
		{80CDFFE8-EB84-4AF9-A5AF-8D11B83FE537}.Debug|Any CPU.ActiveCfg = Debug|Any CPU
		{80CDFFE8-EB84-4AF9-A5AF-8D11B83FE537}.Debug|Any CPU.Build.0 = Debug|Any CPU
		{80CDFFE8-EB84-4AF9-A5AF-8D11B83FE537}.Release|Any CPU.ActiveCfg = Release|Any CPU
		{80CDFFE8-EB84-4AF9-A5AF-8D11B83FE537}.Release|Any CPU.Build.0 = Release|Any CPU
	EndGlobalSection
	GlobalSection(SolutionProperties) = preSolution
		HideSolutionNode = FALSE
	EndGlobalSection
	GlobalSection(ExtensibilityGlobals) = postSolution
		SolutionGuid = {388E9EAA-699A-40F1-B54B-B8AC89A89D0B}
	EndGlobalSection
EndGlobal
